github.com/alexflint/go-arg v1.2.0 h1:TOFkN8/Cn1VvbHhsCuYq+P6ol3P5FAmjKIqsk7D2U/Q=
github.com/alexflint/go-arg v1.2.0/go.mod h1:3Rj4baqzWaGGmZA2+bVTV8zQOZEjBQAPBnL5xLT+ftY=
github.com/alexflint/go-scalar v1.0.0 h1:NGupf1XV/Xb04wXskDFzS0KWOLH632W/EO4fAFi+A70=
github.com/alexflint/go-scalar v1.0.0/go.mod h1:GpHzbCOZXEKMEcygYQ5n/aa4Aq84zbxjy3MxYW0gjYw=
github.com/davecgh/go-spew v1.1.1/go.mod h1:J7Y8YcW2NihsgmVo/mv3lAwl/skON4iLHjSsI+c5H38=
github.com/pmezard/go-difflib v1.0.0/go.mod h1:iKH77koFhYxTK1pcRnkKkqfTogsbg7gZNVY4sRDYZ/4=
github.com/stretchr/testify v1.2.2/go.mod h1:a8OnRcib4nhh0OaRAV+Yts87kKdq0PP7pXfy6kDkUVs=
gopkg.in/check.v1 v0.0.0-20161208181325-20d25e280405/go.mod h1:Co6ibVJAznAaIkqp8huTwlJQCZ016jof/cbN4VW5Yz0=
gopkg.in/yaml.v3 v3.0.0-20191010095647-fc94e3f71652 h1:VKvJ/mQ4BgCjZUDggYFxTe0qv9jPMHsZPD4Xt91Y5H4=
gopkg.in/yaml.v3 v3.0.0-20191010095647-fc94e3f71652/go.mod h1:K4uyk7z7BCEPqu6E+C64Yfv1cQ7kz7rIZviUmN+EgEM=
