# This file is autogenerated, do not edit; changes may be undone by the next 'dep ensure'.


[[projects]]
  branch = "v3"
  digest = "1:0c0dd3aa9b1440f43b110fdac53918b07e470cc0749dc9ac276db0552f8f93ec"
  name = "gopkg.in/yaml.v3"
  packages = ["."]
  pruneopts = "UT"
  revision = "fc94e3f7165204dd261b8d39d39a1e1773b931c9"

[solve-meta]
  analyzer-name = "dep"
  analyzer-version = 1
  input-imports = ["gopkg.in/yaml.v3"]
  solver-name = "gps-cdcl"
  solver-version = 1
